// !$*UTF8*$!
{
	archiveVersion = 1;
	classes = {
	};
	objectVersion = 56;
	objects = {

/* Begin PBXBuildFile section */
		8AFF96BF2A9491850082EC7C /* AppDelegate.swift in Sources */ = {isa = PBXBuildFile; fileRef = 8AFF96BE2A9491850082EC7C /* AppDelegate.swift */; };
		8AFF96C12A9491850082EC7C /* SceneDelegate.swift in Sources */ = {isa = PBXBuildFile; fileRef = 8AFF96C02A9491850082EC7C /* SceneDelegate.swift */; };
		8AFF96C82A9491860082EC7C /* Assets.xcassets in Resources */ = {isa = PBXBuildFile; fileRef = 8AFF96C72A9491860082EC7C /* Assets.xcassets */; };
		8AFF96CB2A9491860082EC7C /* LaunchScreen.storyboard in Resources */ = {isa = PBXBuildFile; fileRef = 8AFF96C92A9491860082EC7C /* LaunchScreen.storyboard */; };
		8AFF96D62A9491F70082EC7C /* HomeView.swift in Sources */ = {isa = PBXBuildFile; fileRef = 8AFF96D52A9491F70082EC7C /* HomeView.swift */; };
		8AFF96D82A9492020082EC7C /* HomeInteractor.swift in Sources */ = {isa = PBXBuildFile; fileRef = 8AFF96D72A9492020082EC7C /* HomeInteractor.swift */; };
		8AFF96DA2A9492140082EC7C /* HomePresenter.swift in Sources */ = {isa = PBXBuildFile; fileRef = 8AFF96D92A9492140082EC7C /* HomePresenter.swift */; };
		8AFF96DC2A94921F0082EC7C /* HomeEntity.swift in Sources */ = {isa = PBXBuildFile; fileRef = 8AFF96DB2A94921F0082EC7C /* HomeEntity.swift */; };
		8AFF96DE2A9492290082EC7C /* HomeRouter.swift in Sources */ = {isa = PBXBuildFile; fileRef = 8AFF96DD2A9492290082EC7C /* HomeRouter.swift */; };
		8AFF96EE2A94BB2C0082EC7C /* DetailView.swift in Sources */ = {isa = PBXBuildFile; fileRef = 8AFF96ED2A94BB2C0082EC7C /* DetailView.swift */; };
		8AFF96F02A94BB340082EC7C /* DetailInteractor.swift in Sources */ = {isa = PBXBuildFile; fileRef = 8AFF96EF2A94BB340082EC7C /* DetailInteractor.swift */; };
		8AFF96F22A94BB410082EC7C /* DetailPresenter.swift in Sources */ = {isa = PBXBuildFile; fileRef = 8AFF96F12A94BB410082EC7C /* DetailPresenter.swift */; };
		8AFF96F42A94BB480082EC7C /* DetailRouter.swift in Sources */ = {isa = PBXBuildFile; fileRef = 8AFF96F32A94BB480082EC7C /* DetailRouter.swift */; };
		8AFF96F62A94E17A0082EC7C /* UIBarButton+Extension.swift in Sources */ = {isa = PBXBuildFile; fileRef = 8AFF96F52A94E17A0082EC7C /* UIBarButton+Extension.swift */; };
		8AFF96FC2A94EEAA0082EC7C /* landmarkData.json in Resources */ = {isa = PBXBuildFile; fileRef = 8AFF96FB2A94EEAA0082EC7C /* landmarkData.json */; };
/* End PBXBuildFile section */

/* Begin PBXFileReference section */
		8AFF96BB2A9491850082EC7C /* LandmarkApp.app */ = {isa = PBXFileReference; explicitFileType = wrapper.application; includeInIndex = 0; path = LandmarkApp.app; sourceTree = BUILT_PRODUCTS_DIR; };
		8AFF96BE2A9491850082EC7C /* AppDelegate.swift */ = {isa = PBXFileReference; lastKnownFileType = sourcecode.swift; path = AppDelegate.swift; sourceTree = "<group>"; };
		8AFF96C02A9491850082EC7C /* SceneDelegate.swift */ = {isa = PBXFileReference; lastKnownFileType = sourcecode.swift; path = SceneDelegate.swift; sourceTree = "<group>"; };
		8AFF96C72A9491860082EC7C /* Assets.xcassets */ = {isa = PBXFileReference; lastKnownFileType = folder.assetcatalog; path = Assets.xcassets; sourceTree = "<group>"; };
		8AFF96CA2A9491860082EC7C /* Base */ = {isa = PBXFileReference; lastKnownFileType = file.storyboard; name = Base; path = Base.lproj/LaunchScreen.storyboard; sourceTree = "<group>"; };
		8AFF96CC2A9491860082EC7C /* Info.plist */ = {isa = PBXFileReference; lastKnownFileType = text.plist.xml; path = Info.plist; sourceTree = "<group>"; };
		8AFF96D52A9491F70082EC7C /* HomeView.swift */ = {isa = PBXFileReference; lastKnownFileType = sourcecode.swift; path = HomeView.swift; sourceTree = "<group>"; };
		8AFF96D72A9492020082EC7C /* HomeInteractor.swift */ = {isa = PBXFileReference; lastKnownFileType = sourcecode.swift; path = HomeInteractor.swift; sourceTree = "<group>"; };
		8AFF96D92A9492140082EC7C /* HomePresenter.swift */ = {isa = PBXFileReference; lastKnownFileType = sourcecode.swift; path = HomePresenter.swift; sourceTree = "<group>"; };
		8AFF96DB2A94921F0082EC7C /* HomeEntity.swift */ = {isa = PBXFileReference; lastKnownFileType = sourcecode.swift; path = HomeEntity.swift; sourceTree = "<group>"; };
		8AFF96DD2A9492290082EC7C /* HomeRouter.swift */ = {isa = PBXFileReference; lastKnownFileType = sourcecode.swift; path = HomeRouter.swift; sourceTree = "<group>"; };
		8AFF96ED2A94BB2C0082EC7C /* DetailView.swift */ = {isa = PBXFileReference; lastKnownFileType = sourcecode.swift; path = DetailView.swift; sourceTree = "<group>"; };
		8AFF96EF2A94BB340082EC7C /* DetailInteractor.swift */ = {isa = PBXFileReference; lastKnownFileType = sourcecode.swift; path = DetailInteractor.swift; sourceTree = "<group>"; };
		8AFF96F12A94BB410082EC7C /* DetailPresenter.swift */ = {isa = PBXFileReference; lastKnownFileType = sourcecode.swift; path = DetailPresenter.swift; sourceTree = "<group>"; };
		8AFF96F32A94BB480082EC7C /* DetailRouter.swift */ = {isa = PBXFileReference; lastKnownFileType = sourcecode.swift; path = DetailRouter.swift; sourceTree = "<group>"; };
		8AFF96F52A94E17A0082EC7C /* UIBarButton+Extension.swift */ = {isa = PBXFileReference; lastKnownFileType = sourcecode.swift; path = "UIBarButton+Extension.swift"; sourceTree = "<group>"; };
		8AFF96FB2A94EEAA0082EC7C /* landmarkData.json */ = {isa = PBXFileReference; fileEncoding = 4; lastKnownFileType = text.json; path = landmarkData.json; sourceTree = "<group>"; };
/* End PBXFileReference section */

/* Begin PBXFrameworksBuildPhase section */
		8AFF96B82A9491850082EC7C /* Frameworks */ = {
			isa = PBXFrameworksBuildPhase;
			buildActionMask = 2147483647;
			files = (
			);
			runOnlyForDeploymentPostprocessing = 0;
		};
/* End PBXFrameworksBuildPhase section */

/* Begin PBXGroup section */
		8AFF96B22A9491850082EC7C = {
			isa = PBXGroup;
			children = (
				8AFF96BD2A9491850082EC7C /* LandmarkApp */,
				8AFF96BC2A9491850082EC7C /* Products */,
			);
			sourceTree = "<group>";
		};
		8AFF96BC2A9491850082EC7C /* Products */ = {
			isa = PBXGroup;
			children = (
				8AFF96BB2A9491850082EC7C /* LandmarkApp.app */,
			);
			name = Products;
			sourceTree = "<group>";
		};
		8AFF96BD2A9491850082EC7C /* LandmarkApp */ = {
			isa = PBXGroup;
			children = (
				8AFF96FA2A94EE8C0082EC7C /* Datasource */,
				8AFF96D22A9491D30082EC7C /* App */,
				8AFF96F72A94EE460082EC7C /* Extension */,
				8AFF96D32A9491DA0082EC7C /* Module */,
				8AFF96CC2A9491860082EC7C /* Info.plist */,
			);
			path = LandmarkApp;
			sourceTree = "<group>";
		};
		8AFF96D22A9491D30082EC7C /* App */ = {
			isa = PBXGroup;
			children = (
				8AFF96BE2A9491850082EC7C /* AppDelegate.swift */,
				8AFF96C02A9491850082EC7C /* SceneDelegate.swift */,
				8AFF96C72A9491860082EC7C /* Assets.xcassets */,
				8AFF96C92A9491860082EC7C /* LaunchScreen.storyboard */,
			);
			path = App;
			sourceTree = "<group>";
		};
		8AFF96D32A9491DA0082EC7C /* Module */ = {
			isa = PBXGroup;
			children = (
				8AFF96EC2A94BB1F0082EC7C /* Detail */,
				8AFF96D42A9491E80082EC7C /* User */,
			);
			path = Module;
			sourceTree = "<group>";
		};
		8AFF96D42A9491E80082EC7C /* User */ = {
			isa = PBXGroup;
			children = (
				8AFF96D52A9491F70082EC7C /* HomeView.swift */,
				8AFF96D72A9492020082EC7C /* HomeInteractor.swift */,
				8AFF96D92A9492140082EC7C /* HomePresenter.swift */,
				8AFF96DB2A94921F0082EC7C /* HomeEntity.swift */,
				8AFF96DD2A9492290082EC7C /* HomeRouter.swift */,
			);
			path = User;
			sourceTree = "<group>";
		};
		8AFF96EC2A94BB1F0082EC7C /* Detail */ = {
			isa = PBXGroup;
			children = (
				8AFF96ED2A94BB2C0082EC7C /* DetailView.swift */,
				8AFF96EF2A94BB340082EC7C /* DetailInteractor.swift */,
				8AFF96F12A94BB410082EC7C /* DetailPresenter.swift */,
				8AFF96F32A94BB480082EC7C /* DetailRouter.swift */,
			);
			path = Detail;
			sourceTree = "<group>";
		};
		8AFF96F72A94EE460082EC7C /* Extension */ = {
			isa = PBXGroup;
			children = (
				8AFF96F52A94E17A0082EC7C /* UIBarButton+Extension.swift */,
			);
			path = Extension;
			sourceTree = "<group>";
		};
		8AFF96FA2A94EE8C0082EC7C /* Datasource */ = {
			isa = PBXGroup;
			children = (
				8AFF96FB2A94EEAA0082EC7C /* landmarkData.json */,
			);
			path = Datasource;
			sourceTree = "<group>";
		};
/* End PBXGroup section */

/* Begin PBXNativeTarget section */
		8AFF96BA2A9491850082EC7C /* LandmarkApp */ = {
			isa = PBXNativeTarget;
			buildConfigurationList = 8AFF96CF2A9491860082EC7C /* Build configuration list for PBXNativeTarget "LandmarkApp" */;
			buildPhases = (
				8AFF96B72A9491850082EC7C /* Sources */,
				8AFF96B82A9491850082EC7C /* Frameworks */,
				8AFF96B92A9491850082EC7C /* Resources */,
			);
			buildRules = (
			);
			dependencies = (
			);
			name = LandmarkApp;
			productName = LandmarkApp;
			productReference = 8AFF96BB2A9491850082EC7C /* LandmarkApp.app */;
			productType = "com.apple.product-type.application";
		};
/* End PBXNativeTarget section */

/* Begin PBXProject section */
		8AFF96B32A9491850082EC7C /* Project object */ = {
			isa = PBXProject;
			attributes = {
				BuildIndependentTargetsInParallel = 1;
				LastSwiftUpdateCheck = 1410;
				LastUpgradeCheck = 1410;
				TargetAttributes = {
					8AFF96BA2A9491850082EC7C = {
						CreatedOnToolsVersion = 14.1;
					};
				};
			};
			buildConfigurationList = 8AFF96B62A9491850082EC7C /* Build configuration list for PBXProject "LandmarkApp" */;
			compatibilityVersion = "Xcode 14.0";
			developmentRegion = en;
			hasScannedForEncodings = 0;
			knownRegions = (
				en,
				Base,
			);
			mainGroup = 8AFF96B22A9491850082EC7C;
			productRefGroup = 8AFF96BC2A9491850082EC7C /* Products */;
			projectDirPath = "";
			projectRoot = "";
			targets = (
				8AFF96BA2A9491850082EC7C /* LandmarkApp */,
			);
		};
/* End PBXProject section */

/* Begin PBXResourcesBuildPhase section */
		8AFF96B92A9491850082EC7C /* Resources */ = {
			isa = PBXResourcesBuildPhase;
			buildActionMask = 2147483647;
			files = (
				8AFF96CB2A9491860082EC7C /* LaunchScreen.storyboard in Resources */,
				8AFF96C82A9491860082EC7C /* Assets.xcassets in Resources */,
				8AFF96FC2A94EEAA0082EC7C /* landmarkData.json in Resources */,
			);
			runOnlyForDeploymentPostprocessing = 0;
		};
/* End PBXResourcesBuildPhase section */

/* Begin PBXSourcesBuildPhase section */
		8AFF96B72A9491850082EC7C /* Sources */ = {
			isa = PBXSourcesBuildPhase;
			buildActionMask = 2147483647;
			files = (
				8AFF96BF2A9491850082EC7C /* AppDelegate.swift in Sources */,
				8AFF96F62A94E17A0082EC7C /* UIBarButton+Extension.swift in Sources */,
				8AFF96F42A94BB480082EC7C /* DetailRouter.swift in Sources */,
				8AFF96EE2A94BB2C0082EC7C /* DetailView.swift in Sources */,
				8AFF96DC2A94921F0082EC7C /* HomeEntity.swift in Sources */,
				8AFF96F22A94BB410082EC7C /* DetailPresenter.swift in Sources */,
				8AFF96F02A94BB340082EC7C /* DetailInteractor.swift in Sources */,
				8AFF96D82A9492020082EC7C /* HomeInteractor.swift in Sources */,
				8AFF96D62A9491F70082EC7C /* HomeView.swift in Sources */,
				8AFF96DE2A9492290082EC7C /* HomeRouter.swift in Sources */,
				8AFF96DA2A9492140082EC7C /* HomePresenter.swift in Sources */,
				8AFF96C12A9491850082EC7C /* SceneDelegate.swift in Sources */,
			);
			runOnlyForDeploymentPostprocessing = 0;
		};
/* End PBXSourcesBuildPhase section */

/* Begin PBXVariantGroup section */
		8AFF96C92A9491860082EC7C /* LaunchScreen.storyboard */ = {
			isa = PBXVariantGroup;
			children = (
				8AFF96CA2A9491860082EC7C /* Base */,
			);
			name = LaunchScreen.storyboard;
			sourceTree = "<group>";
		};
/* End PBXVariantGroup section */

/* Begin XCBuildConfiguration section */
		8AFF96CD2A9491860082EC7C /* Debug */ = {
			isa = XCBuildConfiguration;
			buildSettings = {
				ALWAYS_SEARCH_USER_PATHS = NO;
				CLANG_ANALYZER_NONNULL = YES;
				CLANG_ANALYZER_NUMBER_OBJECT_CONVERSION = YES_AGGRESSIVE;
				CLANG_CXX_LANGUAGE_STANDARD = "gnu++20";
				CLANG_ENABLE_MODULES = YES;
				CLANG_ENABLE_OBJC_ARC = YES;
				CLANG_ENABLE_OBJC_WEAK = YES;
				CLANG_WARN_BLOCK_CAPTURE_AUTORELEASING = YES;
				CLANG_WARN_BOOL_CONVERSION = YES;
				CLANG_WARN_COMMA = YES;
				CLANG_WARN_CONSTANT_CONVERSION = YES;
				CLANG_WARN_DEPRECATED_OBJC_IMPLEMENTATIONS = YES;
				CLANG_WARN_DIRECT_OBJC_ISA_USAGE = YES_ERROR;
				CLANG_WARN_DOCUMENTATION_COMMENTS = YES;
				CLANG_WARN_EMPTY_BODY = YES;
				CLANG_WARN_ENUM_CONVERSION = YES;
				CLANG_WARN_INFINITE_RECURSION = YES;
				CLANG_WARN_INT_CONVERSION = YES;
				CLANG_WARN_NON_LITERAL_NULL_CONVERSION = YES;
				CLANG_WARN_OBJC_IMPLICIT_RETAIN_SELF = YES;
				CLANG_WARN_OBJC_LITERAL_CONVERSION = YES;
				CLANG_WARN_OBJC_ROOT_CLASS = YES_ERROR;
				CLANG_WARN_QUOTED_INCLUDE_IN_FRAMEWORK_HEADER = YES;
				CLANG_WARN_RANGE_LOOP_ANALYSIS = YES;
				CLANG_WARN_STRICT_PROTOTYPES = YES;
				CLANG_WARN_SUSPICIOUS_MOVE = YES;
				CLANG_WARN_UNGUARDED_AVAILABILITY = YES_AGGRESSIVE;
				CLANG_WARN_UNREACHABLE_CODE = YES;
				CLANG_WARN__DUPLICATE_METHOD_MATCH = YES;
				COPY_PHASE_STRIP = NO;
				DEBUG_INFORMATION_FORMAT = dwarf;
				ENABLE_STRICT_OBJC_MSGSEND = YES;
				ENABLE_TESTABILITY = YES;
				GCC_C_LANGUAGE_STANDARD = gnu11;
				GCC_DYNAMIC_NO_PIC = NO;
				GCC_NO_COMMON_BLOCKS = YES;
				GCC_OPTIMIZATION_LEVEL = 0;
				GCC_PREPROCESSOR_DEFINITIONS = (
					"DEBUG=1",
					"$(inherited)",
				);
				GCC_WARN_64_TO_32_BIT_CONVERSION = YES;
				GCC_WARN_ABOUT_RETURN_TYPE = YES_ERROR;
				GCC_WARN_UNDECLARED_SELECTOR = YES;
				GCC_WARN_UNINITIALIZED_AUTOS = YES_AGGRESSIVE;
				GCC_WARN_UNUSED_FUNCTION = YES;
				GCC_WARN_UNUSED_VARIABLE = YES;
				IPHONEOS_DEPLOYMENT_TARGET = 16.1;
				MTL_ENABLE_DEBUG_INFO = INCLUDE_SOURCE;
				MTL_FAST_MATH = YES;
				ONLY_ACTIVE_ARCH = YES;
				SDKROOT = iphoneos;
				SWIFT_ACTIVE_COMPILATION_CONDITIONS = DEBUG;
				SWIFT_OPTIMIZATION_LEVEL = "-Onone";
			};
			name = Debug;
		};
		8AFF96CE2A9491860082EC7C /* Release */ = {
			isa = XCBuildConfiguration;
			buildSettings = {
				ALWAYS_SEARCH_USER_PATHS = NO;
				CLANG_ANALYZER_NONNULL = YES;
				CLANG_ANALYZER_NUMBER_OBJECT_CONVERSION = YES_AGGRESSIVE;
				CLANG_CXX_LANGUAGE_STANDARD = "gnu++20";
				CLANG_ENABLE_MODULES = YES;
				CLANG_ENABLE_OBJC_ARC = YES;
				CLANG_ENABLE_OBJC_WEAK = YES;
				CLANG_WARN_BLOCK_CAPTURE_AUTORELEASING = YES;
				CLANG_WARN_BOOL_CONVERSION = YES;
				CLANG_WARN_COMMA = YES;
				CLANG_WARN_CONSTANT_CONVERSION = YES;
				CLANG_WARN_DEPRECATED_OBJC_IMPLEMENTATIONS = YES;
				CLANG_WARN_DIRECT_OBJC_ISA_USAGE = YES_ERROR;
				CLANG_WARN_DOCUMENTATION_COMMENTS = YES;
				CLANG_WARN_EMPTY_BODY = YES;
				CLANG_WARN_ENUM_CONVERSION = YES;
				CLANG_WARN_INFINITE_RECURSION = YES;
				CLANG_WARN_INT_CONVERSION = YES;
				CLANG_WARN_NON_LITERAL_NULL_CONVERSION = YES;
				CLANG_WARN_OBJC_IMPLICIT_RETAIN_SELF = YES;
				CLANG_WARN_OBJC_LITERAL_CONVERSION = YES;
				CLANG_WARN_OBJC_ROOT_CLASS = YES_ERROR;
				CLANG_WARN_QUOTED_INCLUDE_IN_FRAMEWORK_HEADER = YES;
				CLANG_WARN_RANGE_LOOP_ANALYSIS = YES;
				CLANG_WARN_STRICT_PROTOTYPES = YES;
				CLANG_WARN_SUSPICIOUS_MOVE = YES;
				CLANG_WARN_UNGUARDED_AVAILABILITY = YES_AGGRESSIVE;
				CLANG_WARN_UNREACHABLE_CODE = YES;
				CLANG_WARN__DUPLICATE_METHOD_MATCH = YES;
				COPY_PHASE_STRIP = NO;
				DEBUG_INFORMATION_FORMAT = "dwarf-with-dsym";
				ENABLE_NS_ASSERTIONS = NO;
				ENABLE_STRICT_OBJC_MSGSEND = YES;
				GCC_C_LANGUAGE_STANDARD = gnu11;
				GCC_NO_COMMON_BLOCKS = YES;
				GCC_WARN_64_TO_32_BIT_CONVERSION = YES;
				GCC_WARN_ABOUT_RETURN_TYPE = YES_ERROR;
				GCC_WARN_UNDECLARED_SELECTOR = YES;
				GCC_WARN_UNINITIALIZED_AUTOS = YES_AGGRESSIVE;
				GCC_WARN_UNUSED_FUNCTION = YES;
				GCC_WARN_UNUSED_VARIABLE = YES;
				IPHONEOS_DEPLOYMENT_TARGET = 16.1;
				MTL_ENABLE_DEBUG_INFO = NO;
				MTL_FAST_MATH = YES;
				SDKROOT = iphoneos;
				SWIFT_COMPILATION_MODE = wholemodule;
				SWIFT_OPTIMIZATION_LEVEL = "-O";
				VALIDATE_PRODUCT = YES;
			};
			name = Release;
		};
		8AFF96D02A9491860082EC7C /* Debug */ = {
			isa = XCBuildConfiguration;
			buildSettings = {
				ASSETCATALOG_COMPILER_APPICON_NAME = AppIcon;
				ASSETCATALOG_COMPILER_GLOBAL_ACCENT_COLOR_NAME = AccentColor;
				CODE_SIGN_STYLE = Automatic;
				CURRENT_PROJECT_VERSION = 1;
				DEVELOPMENT_TEAM = 3F53E5RFPT;
				GENERATE_INFOPLIST_FILE = YES;
				INFOPLIST_FILE = LandmarkApp/Info.plist;
				INFOPLIST_KEY_UIApplicationSupportsIndirectInputEvents = YES;
				INFOPLIST_KEY_UILaunchStoryboardName = LaunchScreen;
				INFOPLIST_KEY_UISupportedInterfaceOrientations_iPad = "UIInterfaceOrientationPortrait UIInterfaceOrientationPortraitUpsideDown UIInterfaceOrientationLandscapeLeft UIInterfaceOrientationLandscapeRight";
				INFOPLIST_KEY_UISupportedInterfaceOrientations_iPhone = "UIInterfaceOrientationPortrait UIInterfaceOrientationLandscapeLeft UIInterfaceOrientationLandscapeRight";
				LD_RUNPATH_SEARCH_PATHS = (
					"$(inherited)",
					"@executable_path/Frameworks",
				);
				MARKETING_VERSION = 1.0;
				PRODUCT_BUNDLE_IDENTIFIER = com.tarikbozyak.LandmarkApp;
				PRODUCT_NAME = "$(TARGET_NAME)";
				SWIFT_EMIT_LOC_STRINGS = YES;
				SWIFT_VERSION = 5.0;
				TARGETED_DEVICE_FAMILY = "1,2";
			};
			name = Debug;
		};
		8AFF96D12A9491860082EC7C /* Release */ = {
			isa = XCBuildConfiguration;
			buildSettings = {
				ASSETCATALOG_COMPILER_APPICON_NAME = AppIcon;
				ASSETCATALOG_COMPILER_GLOBAL_ACCENT_COLOR_NAME = AccentColor;
				CODE_SIGN_STYLE = Automatic;
				CURRENT_PROJECT_VERSION = 1;
				DEVELOPMENT_TEAM = 3F53E5RFPT;
				GENERATE_INFOPLIST_FILE = YES;
				INFOPLIST_FILE = LandmarkApp/Info.plist;
				INFOPLIST_KEY_UIApplicationSupportsIndirectInputEvents = YES;
				INFOPLIST_KEY_UILaunchStoryboardName = LaunchScreen;
				INFOPLIST_KEY_UISupportedInterfaceOrientations_iPad = "UIInterfaceOrientationPortrait UIInterfaceOrientationPortraitUpsideDown UIInterfaceOrientationLandscapeLeft UIInterfaceOrientationLandscapeRight";
				INFOPLIST_KEY_UISupportedInterfaceOrientations_iPhone = "UIInterfaceOrientationPortrait UIInterfaceOrientationLandscapeLeft UIInterfaceOrientationLandscapeRight";
				LD_RUNPATH_SEARCH_PATHS = (
					"$(inherited)",
					"@executable_path/Frameworks",
				);
				MARKETING_VERSION = 1.0;
				PRODUCT_BUNDLE_IDENTIFIER = com.tarikbozyak.LandmarkApp;
				PRODUCT_NAME = "$(TARGET_NAME)";
				SWIFT_EMIT_LOC_STRINGS = YES;
				SWIFT_VERSION = 5.0;
				TARGETED_DEVICE_FAMILY = "1,2";
			};
			name = Release;
		};
/* End XCBuildConfiguration section */

/* Begin XCConfigurationList section */
		8AFF96B62A9491850082EC7C /* Build configuration list for PBXProject "LandmarkApp" */ = {
			isa = XCConfigurationList;
			buildConfigurations = (
				8AFF96CD2A9491860082EC7C /* Debug */,
				8AFF96CE2A9491860082EC7C /* Release */,
			);
			defaultConfigurationIsVisible = 0;
			defaultConfigurationName = Release;
		};
		8AFF96CF2A9491860082EC7C /* Build configuration list for PBXNativeTarget "LandmarkApp" */ = {
			isa = XCConfigurationList;
			buildConfigurations = (
				8AFF96D02A9491860082EC7C /* Debug */,
				8AFF96D12A9491860082EC7C /* Release */,
			);
			defaultConfigurationIsVisible = 0;
			defaultConfigurationName = Release;
		};
/* End XCConfigurationList section */
	};
	rootObject = 8AFF96B32A9491850082EC7C /* Project object */;
}
